// !$*UTF8*$!
{
	archiveVersion = 1;
	classes = {
	};
	objectVersion = 56;
	objects = {

/* Begin PBXBuildFile section */
		55F788362AB3072500502273 /* AppDelegate.swift in Sources */ = {isa = PBXBuildFile; fileRef = 55F788352AB3072500502273 /* AppDelegate.swift */; };
		55F788382AB3072500502273 /* SceneDelegate.swift in Sources */ = {isa = PBXBuildFile; fileRef = 55F788372AB3072500502273 /* SceneDelegate.swift */; };
		55F7883A2AB3072500502273 /* ViewController.swift in Sources */ = {isa = PBXBuildFile; fileRef = 55F788392AB3072500502273 /* ViewController.swift */; };
		55F7883D2AB3072500502273 /* Main.storyboard in Resources */ = {isa = PBXBuildFile; fileRef = 55F7883B2AB3072500502273 /* Main.storyboard */; };
		55F7883F2AB3072700502273 /* Assets.xcassets in Resources */ = {isa = PBXBuildFile; fileRef = 55F7883E2AB3072700502273 /* Assets.xcassets */; };
		55F788422AB3072700502273 /* LaunchScreen.storyboard in Resources */ = {isa = PBXBuildFile; fileRef = 55F788402AB3072700502273 /* LaunchScreen.storyboard */; };
		55F7884D2AB3072700502273 /* Marvel_UIKitTests.swift in Sources */ = {isa = PBXBuildFile; fileRef = 55F7884C2AB3072700502273 /* Marvel_UIKitTests.swift */; };
		55F788572AB3072700502273 /* Marvel_UIKitUITests.swift in Sources */ = {isa = PBXBuildFile; fileRef = 55F788562AB3072700502273 /* Marvel_UIKitUITests.swift */; };
		55F788592AB3072700502273 /* Marvel_UIKitUITestsLaunchTests.swift in Sources */ = {isa = PBXBuildFile; fileRef = 55F788582AB3072700502273 /* Marvel_UIKitUITestsLaunchTests.swift */; };
/* End PBXBuildFile section */

/* Begin PBXContainerItemProxy section */
		55F788492AB3072700502273 /* PBXContainerItemProxy */ = {
			isa = PBXContainerItemProxy;
			containerPortal = 55F7882A2AB3072500502273 /* Project object */;
			proxyType = 1;
			remoteGlobalIDString = 55F788312AB3072500502273;
			remoteInfo = "Marvel-UIKit";
		};
		55F788532AB3072700502273 /* PBXContainerItemProxy */ = {
			isa = PBXContainerItemProxy;
			containerPortal = 55F7882A2AB3072500502273 /* Project object */;
			proxyType = 1;
			remoteGlobalIDString = 55F788312AB3072500502273;
			remoteInfo = "Marvel-UIKit";
		};
/* End PBXContainerItemProxy section */

/* Begin PBXFileReference section */
		55F788322AB3072500502273 /* Marvel-UIKit.app */ = {isa = PBXFileReference; explicitFileType = wrapper.application; includeInIndex = 0; path = "Marvel-UIKit.app"; sourceTree = BUILT_PRODUCTS_DIR; };
		55F788352AB3072500502273 /* AppDelegate.swift */ = {isa = PBXFileReference; lastKnownFileType = sourcecode.swift; path = AppDelegate.swift; sourceTree = "<group>"; };
		55F788372AB3072500502273 /* SceneDelegate.swift */ = {isa = PBXFileReference; lastKnownFileType = sourcecode.swift; path = SceneDelegate.swift; sourceTree = "<group>"; };
		55F788392AB3072500502273 /* ViewController.swift */ = {isa = PBXFileReference; lastKnownFileType = sourcecode.swift; path = ViewController.swift; sourceTree = "<group>"; };
		55F7883C2AB3072500502273 /* Base */ = {isa = PBXFileReference; lastKnownFileType = file.storyboard; name = Base; path = Base.lproj/Main.storyboard; sourceTree = "<group>"; };
		55F7883E2AB3072700502273 /* Assets.xcassets */ = {isa = PBXFileReference; lastKnownFileType = folder.assetcatalog; path = Assets.xcassets; sourceTree = "<group>"; };
		55F788412AB3072700502273 /* Base */ = {isa = PBXFileReference; lastKnownFileType = file.storyboard; name = Base; path = Base.lproj/LaunchScreen.storyboard; sourceTree = "<group>"; };
		55F788432AB3072700502273 /* Info.plist */ = {isa = PBXFileReference; lastKnownFileType = text.plist.xml; path = Info.plist; sourceTree = "<group>"; };
		55F788482AB3072700502273 /* Marvel-UIKitTests.xctest */ = {isa = PBXFileReference; explicitFileType = wrapper.cfbundle; includeInIndex = 0; path = "Marvel-UIKitTests.xctest"; sourceTree = BUILT_PRODUCTS_DIR; };
		55F7884C2AB3072700502273 /* Marvel_UIKitTests.swift */ = {isa = PBXFileReference; lastKnownFileType = sourcecode.swift; path = Marvel_UIKitTests.swift; sourceTree = "<group>"; };
		55F788522AB3072700502273 /* Marvel-UIKitUITests.xctest */ = {isa = PBXFileReference; explicitFileType = wrapper.cfbundle; includeInIndex = 0; path = "Marvel-UIKitUITests.xctest"; sourceTree = BUILT_PRODUCTS_DIR; };
		55F788562AB3072700502273 /* Marvel_UIKitUITests.swift */ = {isa = PBXFileReference; lastKnownFileType = sourcecode.swift; path = Marvel_UIKitUITests.swift; sourceTree = "<group>"; };
		55F788582AB3072700502273 /* Marvel_UIKitUITestsLaunchTests.swift */ = {isa = PBXFileReference; lastKnownFileType = sourcecode.swift; path = Marvel_UIKitUITestsLaunchTests.swift; sourceTree = "<group>"; };
/* End PBXFileReference section */

/* Begin PBXFrameworksBuildPhase section */
		55F7882F2AB3072500502273 /* Frameworks */ = {
			isa = PBXFrameworksBuildPhase;
			buildActionMask = 2147483647;
			files = (
			);
			runOnlyForDeploymentPostprocessing = 0;
		};
		55F788452AB3072700502273 /* Frameworks */ = {
			isa = PBXFrameworksBuildPhase;
			buildActionMask = 2147483647;
			files = (
			);
			runOnlyForDeploymentPostprocessing = 0;
		};
		55F7884F2AB3072700502273 /* Frameworks */ = {
			isa = PBXFrameworksBuildPhase;
			buildActionMask = 2147483647;
			files = (
			);
			runOnlyForDeploymentPostprocessing = 0;
		};
/* End PBXFrameworksBuildPhase section */

/* Begin PBXGroup section */
		55F788292AB3072500502273 = {
			isa = PBXGroup;
			children = (
				55F788342AB3072500502273 /* Marvel-UIKit */,
				55F7884B2AB3072700502273 /* Marvel-UIKitTests */,
				55F788552AB3072700502273 /* Marvel-UIKitUITests */,
				55F788332AB3072500502273 /* Products */,
			);
			sourceTree = "<group>";
		};
		55F788332AB3072500502273 /* Products */ = {
			isa = PBXGroup;
			children = (
				55F788322AB3072500502273 /* Marvel-UIKit.app */,
				55F788482AB3072700502273 /* Marvel-UIKitTests.xctest */,
				55F788522AB3072700502273 /* Marvel-UIKitUITests.xctest */,
			);
			name = Products;
			sourceTree = "<group>";
		};
		55F788342AB3072500502273 /* Marvel-UIKit */ = {
			isa = PBXGroup;
			children = (
				55F788352AB3072500502273 /* AppDelegate.swift */,
				55F788372AB3072500502273 /* SceneDelegate.swift */,
				55F788392AB3072500502273 /* ViewController.swift */,
				55F7883B2AB3072500502273 /* Main.storyboard */,
				55F7883E2AB3072700502273 /* Assets.xcassets */,
				55F788402AB3072700502273 /* LaunchScreen.storyboard */,
				55F788432AB3072700502273 /* Info.plist */,
			);
			path = "Marvel-UIKit";
			sourceTree = "<group>";
		};
		55F7884B2AB3072700502273 /* Marvel-UIKitTests */ = {
			isa = PBXGroup;
			children = (
				55F7884C2AB3072700502273 /* Marvel_UIKitTests.swift */,
			);
			path = "Marvel-UIKitTests";
			sourceTree = "<group>";
		};
		55F788552AB3072700502273 /* Marvel-UIKitUITests */ = {
			isa = PBXGroup;
			children = (
				55F788562AB3072700502273 /* Marvel_UIKitUITests.swift */,
				55F788582AB3072700502273 /* Marvel_UIKitUITestsLaunchTests.swift */,
			);
			path = "Marvel-UIKitUITests";
			sourceTree = "<group>";
		};
/* End PBXGroup section */

/* Begin PBXNativeTarget section */
		55F788312AB3072500502273 /* Marvel-UIKit */ = {
			isa = PBXNativeTarget;
			buildConfigurationList = 55F7885C2AB3072700502273 /* Build configuration list for PBXNativeTarget "Marvel-UIKit" */;
			buildPhases = (
				55F7882E2AB3072500502273 /* Sources */,
				55F7882F2AB3072500502273 /* Frameworks */,
				55F788302AB3072500502273 /* Resources */,
			);
			buildRules = (
			);
			dependencies = (
			);
			name = "Marvel-UIKit";
			productName = "Marvel-UIKit";
			productReference = 55F788322AB3072500502273 /* Marvel-UIKit.app */;
			productType = "com.apple.product-type.application";
		};
		55F788472AB3072700502273 /* Marvel-UIKitTests */ = {
			isa = PBXNativeTarget;
			buildConfigurationList = 55F7885F2AB3072700502273 /* Build configuration list for PBXNativeTarget "Marvel-UIKitTests" */;
			buildPhases = (
				55F788442AB3072700502273 /* Sources */,
				55F788452AB3072700502273 /* Frameworks */,
				55F788462AB3072700502273 /* Resources */,
			);
			buildRules = (
			);
			dependencies = (
				55F7884A2AB3072700502273 /* PBXTargetDependency */,
			);
			name = "Marvel-UIKitTests";
			productName = "Marvel-UIKitTests";
			productReference = 55F788482AB3072700502273 /* Marvel-UIKitTests.xctest */;
			productType = "com.apple.product-type.bundle.unit-test";
		};
		55F788512AB3072700502273 /* Marvel-UIKitUITests */ = {
			isa = PBXNativeTarget;
			buildConfigurationList = 55F788622AB3072700502273 /* Build configuration list for PBXNativeTarget "Marvel-UIKitUITests" */;
			buildPhases = (
				55F7884E2AB3072700502273 /* Sources */,
				55F7884F2AB3072700502273 /* Frameworks */,
				55F788502AB3072700502273 /* Resources */,
			);
			buildRules = (
			);
			dependencies = (
				55F788542AB3072700502273 /* PBXTargetDependency */,
			);
			name = "Marvel-UIKitUITests";
			productName = "Marvel-UIKitUITests";
			productReference = 55F788522AB3072700502273 /* Marvel-UIKitUITests.xctest */;
			productType = "com.apple.product-type.bundle.ui-testing";
		};
/* End PBXNativeTarget section */

/* Begin PBXProject section */
		55F7882A2AB3072500502273 /* Project object */ = {
			isa = PBXProject;
			attributes = {
				BuildIndependentTargetsInParallel = 1;
				LastSwiftUpdateCheck = 1420;
				LastUpgradeCheck = 1420;
				TargetAttributes = {
					55F788312AB3072500502273 = {
						CreatedOnToolsVersion = 14.2;
					};
					55F788472AB3072700502273 = {
						CreatedOnToolsVersion = 14.2;
						TestTargetID = 55F788312AB3072500502273;
					};
					55F788512AB3072700502273 = {
						CreatedOnToolsVersion = 14.2;
						TestTargetID = 55F788312AB3072500502273;
					};
				};
			};
			buildConfigurationList = 55F7882D2AB3072500502273 /* Build configuration list for PBXProject "Marvel-UIKit" */;
			compatibilityVersion = "Xcode 14.0";
			developmentRegion = en;
			hasScannedForEncodings = 0;
			knownRegions = (
				en,
				Base,
			);
			mainGroup = 55F788292AB3072500502273;
			productRefGroup = 55F788332AB3072500502273 /* Products */;
			projectDirPath = "";
			projectRoot = "";
			targets = (
				55F788312AB3072500502273 /* Marvel-UIKit */,
				55F788472AB3072700502273 /* Marvel-UIKitTests */,
				55F788512AB3072700502273 /* Marvel-UIKitUITests */,
			);
		};
/* End PBXProject section */

/* Begin PBXResourcesBuildPhase section */
		55F788302AB3072500502273 /* Resources */ = {
			isa = PBXResourcesBuildPhase;
			buildActionMask = 2147483647;
			files = (
				55F788422AB3072700502273 /* LaunchScreen.storyboard in Resources */,
				55F7883F2AB3072700502273 /* Assets.xcassets in Resources */,
				55F7883D2AB3072500502273 /* Main.storyboard in Resources */,
			);
			runOnlyForDeploymentPostprocessing = 0;
		};
		55F788462AB3072700502273 /* Resources */ = {
			isa = PBXResourcesBuildPhase;
			buildActionMask = 2147483647;
			files = (
			);
			runOnlyForDeploymentPostprocessing = 0;
		};
		55F788502AB3072700502273 /* Resources */ = {
			isa = PBXResourcesBuildPhase;
			buildActionMask = 2147483647;
			files = (
			);
			runOnlyForDeploymentPostprocessing = 0;
		};
/* End PBXResourcesBuildPhase section */

/* Begin PBXSourcesBuildPhase section */
		55F7882E2AB3072500502273 /* Sources */ = {
			isa = PBXSourcesBuildPhase;
			buildActionMask = 2147483647;
			files = (
				55F7883A2AB3072500502273 /* ViewController.swift in Sources */,
				55F788362AB3072500502273 /* AppDelegate.swift in Sources */,
				55F788382AB3072500502273 /* SceneDelegate.swift in Sources */,
			);
			runOnlyForDeploymentPostprocessing = 0;
		};
		55F788442AB3072700502273 /* Sources */ = {
			isa = PBXSourcesBuildPhase;
			buildActionMask = 2147483647;
			files = (
				55F7884D2AB3072700502273 /* Marvel_UIKitTests.swift in Sources */,
			);
			runOnlyForDeploymentPostprocessing = 0;
		};
		55F7884E2AB3072700502273 /* Sources */ = {
			isa = PBXSourcesBuildPhase;
			buildActionMask = 2147483647;
			files = (
				55F788592AB3072700502273 /* Marvel_UIKitUITestsLaunchTests.swift in Sources */,
				55F788572AB3072700502273 /* Marvel_UIKitUITests.swift in Sources */,
			);
			runOnlyForDeploymentPostprocessing = 0;
		};
/* End PBXSourcesBuildPhase section */

/* Begin PBXTargetDependency section */
		55F7884A2AB3072700502273 /* PBXTargetDependency */ = {
			isa = PBXTargetDependency;
			target = 55F788312AB3072500502273 /* Marvel-UIKit */;
			targetProxy = 55F788492AB3072700502273 /* PBXContainerItemProxy */;
		};
		55F788542AB3072700502273 /* PBXTargetDependency */ = {
			isa = PBXTargetDependency;
			target = 55F788312AB3072500502273 /* Marvel-UIKit */;
			targetProxy = 55F788532AB3072700502273 /* PBXContainerItemProxy */;
		};
/* End PBXTargetDependency section */

/* Begin PBXVariantGroup section */
		55F7883B2AB3072500502273 /* Main.storyboard */ = {
			isa = PBXVariantGroup;
			children = (
				55F7883C2AB3072500502273 /* Base */,
			);
			name = Main.storyboard;
			sourceTree = "<group>";
		};
		55F788402AB3072700502273 /* LaunchScreen.storyboard */ = {
			isa = PBXVariantGroup;
			children = (
				55F788412AB3072700502273 /* Base */,
			);
			name = LaunchScreen.storyboard;
			sourceTree = "<group>";
		};
/* End PBXVariantGroup section */

/* Begin XCBuildConfiguration section */
		55F7885A2AB3072700502273 /* Debug */ = {
			isa = XCBuildConfiguration;
			buildSettings = {
				ALWAYS_SEARCH_USER_PATHS = NO;
				CLANG_ANALYZER_NONNULL = YES;
				CLANG_ANALYZER_NUMBER_OBJECT_CONVERSION = YES_AGGRESSIVE;
				CLANG_CXX_LANGUAGE_STANDARD = "gnu++20";
				CLANG_ENABLE_MODULES = YES;
				CLANG_ENABLE_OBJC_ARC = YES;
				CLANG_ENABLE_OBJC_WEAK = YES;
				CLANG_WARN_BLOCK_CAPTURE_AUTORELEASING = YES;
				CLANG_WARN_BOOL_CONVERSION = YES;
				CLANG_WARN_COMMA = YES;
				CLANG_WARN_CONSTANT_CONVERSION = YES;
				CLANG_WARN_DEPRECATED_OBJC_IMPLEMENTATIONS = YES;
				CLANG_WARN_DIRECT_OBJC_ISA_USAGE = YES_ERROR;
				CLANG_WARN_DOCUMENTATION_COMMENTS = YES;
				CLANG_WARN_EMPTY_BODY = YES;
				CLANG_WARN_ENUM_CONVERSION = YES;
				CLANG_WARN_INFINITE_RECURSION = YES;
				CLANG_WARN_INT_CONVERSION = YES;
				CLANG_WARN_NON_LITERAL_NULL_CONVERSION = YES;
				CLANG_WARN_OBJC_IMPLICIT_RETAIN_SELF = YES;
				CLANG_WARN_OBJC_LITERAL_CONVERSION = YES;
				CLANG_WARN_OBJC_ROOT_CLASS = YES_ERROR;
				CLANG_WARN_QUOTED_INCLUDE_IN_FRAMEWORK_HEADER = YES;
				CLANG_WARN_RANGE_LOOP_ANALYSIS = YES;
				CLANG_WARN_STRICT_PROTOTYPES = YES;
				CLANG_WARN_SUSPICIOUS_MOVE = YES;
				CLANG_WARN_UNGUARDED_AVAILABILITY = YES_AGGRESSIVE;
				CLANG_WARN_UNREACHABLE_CODE = YES;
				CLANG_WARN__DUPLICATE_METHOD_MATCH = YES;
				COPY_PHASE_STRIP = NO;
				DEBUG_INFORMATION_FORMAT = dwarf;
				ENABLE_STRICT_OBJC_MSGSEND = YES;
				ENABLE_TESTABILITY = YES;
				GCC_C_LANGUAGE_STANDARD = gnu11;
				GCC_DYNAMIC_NO_PIC = NO;
				GCC_NO_COMMON_BLOCKS = YES;
				GCC_OPTIMIZATION_LEVEL = 0;
				GCC_PREPROCESSOR_DEFINITIONS = (
					"DEBUG=1",
					"$(inherited)",
				);
				GCC_WARN_64_TO_32_BIT_CONVERSION = YES;
				GCC_WARN_ABOUT_RETURN_TYPE = YES_ERROR;
				GCC_WARN_UNDECLARED_SELECTOR = YES;
				GCC_WARN_UNINITIALIZED_AUTOS = YES_AGGRESSIVE;
				GCC_WARN_UNUSED_FUNCTION = YES;
				GCC_WARN_UNUSED_VARIABLE = YES;
				IPHONEOS_DEPLOYMENT_TARGET = 16.2;
				MTL_ENABLE_DEBUG_INFO = INCLUDE_SOURCE;
				MTL_FAST_MATH = YES;
				ONLY_ACTIVE_ARCH = YES;
				SDKROOT = iphoneos;
				SWIFT_ACTIVE_COMPILATION_CONDITIONS = DEBUG;
				SWIFT_OPTIMIZATION_LEVEL = "-Onone";
			};
			name = Debug;
		};
		55F7885B2AB3072700502273 /* Release */ = {
			isa = XCBuildConfiguration;
			buildSettings = {
				ALWAYS_SEARCH_USER_PATHS = NO;
				CLANG_ANALYZER_NONNULL = YES;
				CLANG_ANALYZER_NUMBER_OBJECT_CONVERSION = YES_AGGRESSIVE;
				CLANG_CXX_LANGUAGE_STANDARD = "gnu++20";
				CLANG_ENABLE_MODULES = YES;
				CLANG_ENABLE_OBJC_ARC = YES;
				CLANG_ENABLE_OBJC_WEAK = YES;
				CLANG_WARN_BLOCK_CAPTURE_AUTORELEASING = YES;
				CLANG_WARN_BOOL_CONVERSION = YES;
				CLANG_WARN_COMMA = YES;
				CLANG_WARN_CONSTANT_CONVERSION = YES;
				CLANG_WARN_DEPRECATED_OBJC_IMPLEMENTATIONS = YES;
				CLANG_WARN_DIRECT_OBJC_ISA_USAGE = YES_ERROR;
				CLANG_WARN_DOCUMENTATION_COMMENTS = YES;
				CLANG_WARN_EMPTY_BODY = YES;
				CLANG_WARN_ENUM_CONVERSION = YES;
				CLANG_WARN_INFINITE_RECURSION = YES;
				CLANG_WARN_INT_CONVERSION = YES;
				CLANG_WARN_NON_LITERAL_NULL_CONVERSION = YES;
				CLANG_WARN_OBJC_IMPLICIT_RETAIN_SELF = YES;
				CLANG_WARN_OBJC_LITERAL_CONVERSION = YES;
				CLANG_WARN_OBJC_ROOT_CLASS = YES_ERROR;
				CLANG_WARN_QUOTED_INCLUDE_IN_FRAMEWORK_HEADER = YES;
				CLANG_WARN_RANGE_LOOP_ANALYSIS = YES;
				CLANG_WARN_STRICT_PROTOTYPES = YES;
				CLANG_WARN_SUSPICIOUS_MOVE = YES;
				CLANG_WARN_UNGUARDED_AVAILABILITY = YES_AGGRESSIVE;
				CLANG_WARN_UNREACHABLE_CODE = YES;
				CLANG_WARN__DUPLICATE_METHOD_MATCH = YES;
				COPY_PHASE_STRIP = NO;
				DEBUG_INFORMATION_FORMAT = "dwarf-with-dsym";
				ENABLE_NS_ASSERTIONS = NO;
				ENABLE_STRICT_OBJC_MSGSEND = YES;
				GCC_C_LANGUAGE_STANDARD = gnu11;
				GCC_NO_COMMON_BLOCKS = YES;
				GCC_WARN_64_TO_32_BIT_CONVERSION = YES;
				GCC_WARN_ABOUT_RETURN_TYPE = YES_ERROR;
				GCC_WARN_UNDECLARED_SELECTOR = YES;
				GCC_WARN_UNINITIALIZED_AUTOS = YES_AGGRESSIVE;
				GCC_WARN_UNUSED_FUNCTION = YES;
				GCC_WARN_UNUSED_VARIABLE = YES;
				IPHONEOS_DEPLOYMENT_TARGET = 16.2;
				MTL_ENABLE_DEBUG_INFO = NO;
				MTL_FAST_MATH = YES;
				SDKROOT = iphoneos;
				SWIFT_COMPILATION_MODE = wholemodule;
				SWIFT_OPTIMIZATION_LEVEL = "-O";
				VALIDATE_PRODUCT = YES;
			};
			name = Release;
		};
		55F7885D2AB3072700502273 /* Debug */ = {
			isa = XCBuildConfiguration;
			buildSettings = {
				ASSETCATALOG_COMPILER_APPICON_NAME = AppIcon;
				ASSETCATALOG_COMPILER_GLOBAL_ACCENT_COLOR_NAME = AccentColor;
				CODE_SIGN_STYLE = Automatic;
				CURRENT_PROJECT_VERSION = 1;
				DEVELOPMENT_TEAM = VQ5Y8L9458;
				GENERATE_INFOPLIST_FILE = YES;
				INFOPLIST_FILE = "Marvel-UIKit/Info.plist";
				INFOPLIST_KEY_CFBundleDisplayName = "Marvel UIKit";
				INFOPLIST_KEY_LSApplicationCategoryType = "public.app-category.entertainment";
				INFOPLIST_KEY_UIApplicationSupportsIndirectInputEvents = YES;
				INFOPLIST_KEY_UILaunchStoryboardName = LaunchScreen;
				INFOPLIST_KEY_UIMainStoryboardFile = Main;
				INFOPLIST_KEY_UISupportedInterfaceOrientations = UIInterfaceOrientationPortrait;
				IPHONEOS_DEPLOYMENT_TARGET = 15.0;
				LD_RUNPATH_SEARCH_PATHS = (
					"$(inherited)",
					"@executable_path/Frameworks",
				);
				MARKETING_VERSION = 1.0;
				PRODUCT_BUNDLE_IDENTIFIER = "AlvaroFerrandez.Marvel-UIKit";
				PRODUCT_NAME = "$(TARGET_NAME)";
				SUPPORTED_PLATFORMS = "iphoneos iphonesimulator";
				SUPPORTS_MACCATALYST = NO;
				SUPPORTS_MAC_DESIGNED_FOR_IPHONE_IPAD = NO;
				SWIFT_EMIT_LOC_STRINGS = YES;
				SWIFT_VERSION = 5.0;
				TARGETED_DEVICE_FAMILY = 1;
			};
			name = Debug;
		};
		55F7885E2AB3072700502273 /* Release */ = {
			isa = XCBuildConfiguration;
			buildSettings = {
				ASSETCATALOG_COMPILER_APPICON_NAME = AppIcon;
				ASSETCATALOG_COMPILER_GLOBAL_ACCENT_COLOR_NAME = AccentColor;
				CODE_SIGN_STYLE = Automatic;
				CURRENT_PROJECT_VERSION = 1;
				DEVELOPMENT_TEAM = VQ5Y8L9458;
				GENERATE_INFOPLIST_FILE = YES;
				INFOPLIST_FILE = "Marvel-UIKit/Info.plist";
				INFOPLIST_KEY_CFBundleDisplayName = "Marvel UIKit";
				INFOPLIST_KEY_LSApplicationCategoryType = "public.app-category.entertainment";
				INFOPLIST_KEY_UIApplicationSupportsIndirectInputEvents = YES;
				INFOPLIST_KEY_UILaunchStoryboardName = LaunchScreen;
				INFOPLIST_KEY_UIMainStoryboardFile = Main;
				INFOPLIST_KEY_UISupportedInterfaceOrientations = UIInterfaceOrientationPortrait;
				IPHONEOS_DEPLOYMENT_TARGET = 15.0;
				LD_RUNPATH_SEARCH_PATHS = (
					"$(inherited)",
					"@executable_path/Frameworks",
				);
				MARKETING_VERSION = 1.0;
				PRODUCT_BUNDLE_IDENTIFIER = "AlvaroFerrandez.Marvel-UIKit";
				PRODUCT_NAME = "$(TARGET_NAME)";
				SUPPORTED_PLATFORMS = "iphoneos iphonesimulator";
				SUPPORTS_MACCATALYST = NO;
				SUPPORTS_MAC_DESIGNED_FOR_IPHONE_IPAD = NO;
				SWIFT_EMIT_LOC_STRINGS = YES;
				SWIFT_VERSION = 5.0;
				TARGETED_DEVICE_FAMILY = 1;
			};
			name = Release;
		};
		55F788602AB3072700502273 /* Debug */ = {
			isa = XCBuildConfiguration;
			buildSettings = {
				ALWAYS_EMBED_SWIFT_STANDARD_LIBRARIES = YES;
				BUNDLE_LOADER = "$(TEST_HOST)";
				CODE_SIGN_STYLE = Automatic;
				CURRENT_PROJECT_VERSION = 1;
				DEVELOPMENT_TEAM = VQ5Y8L9458;
				GENERATE_INFOPLIST_FILE = YES;
				IPHONEOS_DEPLOYMENT_TARGET = 16.2;
				MARKETING_VERSION = 1.0;
				PRODUCT_BUNDLE_IDENTIFIER = "AlvaroFerrandez.Marvel-UIKitTests";
				PRODUCT_NAME = "$(TARGET_NAME)";
				SWIFT_EMIT_LOC_STRINGS = NO;
				SWIFT_VERSION = 5.0;
				TARGETED_DEVICE_FAMILY = "1,2";
				TEST_HOST = "$(BUILT_PRODUCTS_DIR)/Marvel-UIKit.app/$(BUNDLE_EXECUTABLE_FOLDER_PATH)/Marvel-UIKit";
			};
			name = Debug;
		};
		55F788612AB3072700502273 /* Release */ = {
			isa = XCBuildConfiguration;
			buildSettings = {
				ALWAYS_EMBED_SWIFT_STANDARD_LIBRARIES = YES;
				BUNDLE_LOADER = "$(TEST_HOST)";
				CODE_SIGN_STYLE = Automatic;
				CURRENT_PROJECT_VERSION = 1;
				DEVELOPMENT_TEAM = VQ5Y8L9458;
				GENERATE_INFOPLIST_FILE = YES;
				IPHONEOS_DEPLOYMENT_TARGET = 16.2;
				MARKETING_VERSION = 1.0;
				PRODUCT_BUNDLE_IDENTIFIER = "AlvaroFerrandez.Marvel-UIKitTests";
				PRODUCT_NAME = "$(TARGET_NAME)";
				SWIFT_EMIT_LOC_STRINGS = NO;
				SWIFT_VERSION = 5.0;
				TARGETED_DEVICE_FAMILY = "1,2";
				TEST_HOST = "$(BUILT_PRODUCTS_DIR)/Marvel-UIKit.app/$(BUNDLE_EXECUTABLE_FOLDER_PATH)/Marvel-UIKit";
			};
			name = Release;
		};
		55F788632AB3072700502273 /* Debug */ = {
			isa = XCBuildConfiguration;
			buildSettings = {
				ALWAYS_EMBED_SWIFT_STANDARD_LIBRARIES = YES;
				CODE_SIGN_STYLE = Automatic;
				CURRENT_PROJECT_VERSION = 1;
				DEVELOPMENT_TEAM = VQ5Y8L9458;
				GENERATE_INFOPLIST_FILE = YES;
				MARKETING_VERSION = 1.0;
				PRODUCT_BUNDLE_IDENTIFIER = "AlvaroFerrandez.Marvel-UIKitUITests";
				PRODUCT_NAME = "$(TARGET_NAME)";
				SWIFT_EMIT_LOC_STRINGS = NO;
				SWIFT_VERSION = 5.0;
				TARGETED_DEVICE_FAMILY = "1,2";
				TEST_TARGET_NAME = "Marvel-UIKit";
			};
			name = Debug;
		};
		55F788642AB3072700502273 /* Release */ = {
			isa = XCBuildConfiguration;
			buildSettings = {
				ALWAYS_EMBED_SWIFT_STANDARD_LIBRARIES = YES;
				CODE_SIGN_STYLE = Automatic;
				CURRENT_PROJECT_VERSION = 1;
				DEVELOPMENT_TEAM = VQ5Y8L9458;
				GENERATE_INFOPLIST_FILE = YES;
				MARKETING_VERSION = 1.0;
				PRODUCT_BUNDLE_IDENTIFIER = "AlvaroFerrandez.Marvel-UIKitUITests";
				PRODUCT_NAME = "$(TARGET_NAME)";
				SWIFT_EMIT_LOC_STRINGS = NO;
				SWIFT_VERSION = 5.0;
				TARGETED_DEVICE_FAMILY = "1,2";
				TEST_TARGET_NAME = "Marvel-UIKit";
			};
			name = Release;
		};
/* End XCBuildConfiguration section */

/* Begin XCConfigurationList section */
		55F7882D2AB3072500502273 /* Build configuration list for PBXProject "Marvel-UIKit" */ = {
			isa = XCConfigurationList;
			buildConfigurations = (
				55F7885A2AB3072700502273 /* Debug */,
				55F7885B2AB3072700502273 /* Release */,
			);
			defaultConfigurationIsVisible = 0;
			defaultConfigurationName = Release;
		};
		55F7885C2AB3072700502273 /* Build configuration list for PBXNativeTarget "Marvel-UIKit" */ = {
			isa = XCConfigurationList;
			buildConfigurations = (
				55F7885D2AB3072700502273 /* Debug */,
				55F7885E2AB3072700502273 /* Release */,
			);
			defaultConfigurationIsVisible = 0;
			defaultConfigurationName = Release;
		};
		55F7885F2AB3072700502273 /* Build configuration list for PBXNativeTarget "Marvel-UIKitTests" */ = {
			isa = XCConfigurationList;
			buildConfigurations = (
				55F788602AB3072700502273 /* Debug */,
				55F788612AB3072700502273 /* Release */,
			);
			defaultConfigurationIsVisible = 0;
			defaultConfigurationName = Release;
		};
		55F788622AB3072700502273 /* Build configuration list for PBXNativeTarget "Marvel-UIKitUITests" */ = {
			isa = XCConfigurationList;
			buildConfigurations = (
				55F788632AB3072700502273 /* Debug */,
				55F788642AB3072700502273 /* Release */,
			);
			defaultConfigurationIsVisible = 0;
			defaultConfigurationName = Release;
		};
/* End XCConfigurationList section */
	};
	rootObject = 55F7882A2AB3072500502273 /* Project object */;
}
